lockfileVersion: '9.0'

settings:
  autoInstallPeers: true
  excludeLinksFromLockfile: false

importers:

  .:
    dependencies:
      solid-js:
        specifier: ^1.8.17
        version: 1.8.17
      typescript:
        specifier: 5.5.0-dev.20240520
        version: 5.5.0-dev.20240520

packages:

  csstype@3.1.3:
    resolution: {integrity: sha512-M1uQkMl8rQK/szD0LNhtqxIPLpimGm8sOBwU7lLnCpSbTyY3yeU1Vc7l4KT5zT4s/yOxHH5O7tIuuLOCnLADRw==}

  seroval-plugins@1.0.7:
    resolution: {integrity: sha512-GO7TkWvodGp6buMEX9p7tNyIkbwlyuAWbI6G9Ec5bhcm7mQdu3JOK1IXbEUwb3FVzSc363GraG/wLW23NSavIw==}
    engines: {node: '>=10'}
    peerDependencies:
      seroval: ^1.0

  seroval@1.0.7:
    resolution: {integrity: sha512-n6ZMQX5q0Vn19Zq7CIKNIo7E75gPkGCFUEqDpa8jgwpYr/vScjqnQ6H09t1uIiZ0ZSK0ypEGvrYK2bhBGWsGdw==}
    engines: {node: '>=10'}

  solid-js@1.8.17:
    resolution: {integrity: sha512-E0FkUgv9sG/gEBWkHr/2XkBluHb1fkrHywUgA6o6XolPDCJ4g1HaLmQufcBBhiF36ee40q+HpG/vCZu7fLpI3Q==}

  typescript@5.5.0-dev.20240520:
    resolution: {integrity: sha512-9/N20cpApbCDGTYQ/iNsBV57Kzcu8sxEtsPs6tbup1/vKY76ZbrvruRVCed1NhHbqgIvsDIBvByJBKATA/4lgw==}
    engines: {node: '>=14.17'}
    hasBin: true

snapshots:

  csstype@3.1.3: {}

  seroval-plugins@1.0.7(seroval@1.0.7):
    dependencies:
      seroval: 1.0.7

  seroval@1.0.7: {}

  solid-js@1.8.17:
    dependencies:
      csstype: 3.1.3
      seroval: 1.0.7
      seroval-plugins: 1.0.7(seroval@1.0.7)

  typescript@5.5.0-dev.20240520: {}
